
Microsoft Visual Studio Solution File, Format Version 12.00
# Visual Studio Version 17
VisualStudioVersion = 17.5.33530.505
MinimumVisualStudioVersion = 10.0.40219.1
Project("{FAE04EC0-301F-11D3-BF4B-00C04F79EFBC}") = "Cinema", "Cinema\Cinema.csproj", "{44902AE1-2081-4009-9C32-D58BC0908873}"
EndProject
Global
	GlobalSection(SolutionConfigurationPlatforms) = preSolution
		Debug|Any CPU = Debug|Any CPU
		Release|Any CPU = Release|Any CPU
	EndGlobalSection
	GlobalSection(ProjectConfigurationPlatforms) = postSolution
		{44902AE1-2081-4009-9C32-D58BC0908873}.Debug|Any CPU.ActiveCfg = Debug|Any CPU
		{44902AE1-2081-4009-9C32-D58BC0908873}.Debug|Any CPU.Build.0 = Debug|Any CPU
		{44902AE1-2081-4009-9C32-D58BC0908873}.Release|Any CPU.ActiveCfg = Release|Any CPU
		{44902AE1-2081-4009-9C32-D58BC0908873}.Release|Any CPU.Build.0 = Release|Any CPU
	EndGlobalSection
	GlobalSection(SolutionProperties) = preSolution
		HideSolutionNode = FALSE
	EndGlobalSection
	GlobalSection(ExtensibilityGlobals) = postSolution
		SolutionGuid = {844514C7-4AAC-4433-9016-B52FAD5D7EB0}
	EndGlobalSection
EndGlobal
